
Microsoft Visual Studio Solution File, Format Version 12.00
# Visual Studio Version 17
VisualStudioVersion = 17.1.32228.430
MinimumVisualStudioVersion = 10.0.40219.1
Project("{9A19103F-16F7-4668-BE54-9A1E7A4F7556}") = "Opc.Ua.ModelCompiler.Debug", "Opc.Ua.ModelCompiler\Opc.Ua.ModelCompiler.Debug.csproj", "{3CE9C29A-41A4-4F5B-96EE-0DDA6929ED63}"
EndProject
Project("{9A19103F-16F7-4668-BE54-9A1E7A4F7556}") = "Opc.Ua.Core", "Stack\Stack\Opc.Ua.Core\Opc.Ua.Core.csproj", "{59EEA00B-8424-4A83-8673-2AB88AC49B6B}"
EndProject
Project("{9A19103F-16F7-4668-BE54-9A1E7A4F7556}") = "Opc.Ua.Security.Certificates", "Stack\Libraries\Opc.Ua.Security.Certificates\Opc.Ua.Security.Certificates.csproj", "{5FCD3D0D-81ED-4AFE-AE4E-0F9B6F2B3E71}"
EndProject
Project("{2150E333-8FDC-42A3-9474-1A3956D46DE8}") = "Solution Files", "Solution Files", "{2EDA8446-E853-4739-866C-C224E9B024C7}"
	ProjectSection(SolutionItems) = preProject
		BuildEngineeringUnits.bat = BuildEngineeringUnits.bat
		BuildStandardTypes.bat = BuildStandardTypes.bat
		CompileNodeSets.bat = CompileNodeSets.bat
		PublishNodeSet.bat = PublishNodeSet.bat
		TestNodeSets.bat = TestNodeSets.bat
		UpdateLicense.bat = UpdateLicense.bat
	EndProjectSection
EndProject
Project("{2150E333-8FDC-42A3-9474-1A3956D46DE8}") = "Schemas", "Schemas", "{73283DC9-2FF0-4A6A-999F-85F6BEF7F29A}"
	ProjectSection(SolutionItems) = preProject
		Schemas\OPCBinarySchema.xsd = Schemas\OPCBinarySchema.xsd
		Schemas\SecuredApplication.xsd = Schemas\SecuredApplication.xsd
		Schemas\ServerCapabilities.csv = Schemas\ServerCapabilities.csv
		Schemas\UANodeSet.xsd = Schemas\UANodeSet.xsd
	EndProjectSection
EndProject
Project("{9A19103F-16F7-4668-BE54-9A1E7A4F7556}") = "Opc.Ua.Server", "Stack\Libraries\Opc.Ua.Server\Opc.Ua.Server.csproj", "{246DB0BA-8D41-4794-ADDE-CEFF56CDA039}"
EndProject
Project("{9A19103F-16F7-4668-BE54-9A1E7A4F7556}") = "DemoModel.Debug", "Tests\DemoModel\DemoModel.Debug.csproj", "{1324C0F9-4927-4D4E-A499-B42FD8ABD690}"
EndProject
Project("{9A19103F-16F7-4668-BE54-9A1E7A4F7556}") = "Opc.Ua.Configuration", "Stack\Libraries\Opc.Ua.Configuration\Opc.Ua.Configuration.csproj", "{925150DE-73BE-47FB-BCF9-22C90975240A}"
EndProject
Global
	GlobalSection(SolutionConfigurationPlatforms) = preSolution
		Debug|Any CPU = Debug|Any CPU
		Release|Any CPU = Release|Any CPU
	EndGlobalSection
	GlobalSection(ProjectConfigurationPlatforms) = postSolution
		{3CE9C29A-41A4-4F5B-96EE-0DDA6929ED63}.Debug|Any CPU.ActiveCfg = Debug|Any CPU
		{3CE9C29A-41A4-4F5B-96EE-0DDA6929ED63}.Debug|Any CPU.Build.0 = Debug|Any CPU
		{3CE9C29A-41A4-4F5B-96EE-0DDA6929ED63}.Release|Any CPU.ActiveCfg = Release|Any CPU
		{3CE9C29A-41A4-4F5B-96EE-0DDA6929ED63}.Release|Any CPU.Build.0 = Release|Any CPU
		{59EEA00B-8424-4A83-8673-2AB88AC49B6B}.Debug|Any CPU.ActiveCfg = Debug|Any CPU
		{59EEA00B-8424-4A83-8673-2AB88AC49B6B}.Debug|Any CPU.Build.0 = Debug|Any CPU
		{59EEA00B-8424-4A83-8673-2AB88AC49B6B}.Release|Any CPU.ActiveCfg = Release|Any CPU
		{59EEA00B-8424-4A83-8673-2AB88AC49B6B}.Release|Any CPU.Build.0 = Release|Any CPU
		{5FCD3D0D-81ED-4AFE-AE4E-0F9B6F2B3E71}.Debug|Any CPU.ActiveCfg = Debug|Any CPU
		{5FCD3D0D-81ED-4AFE-AE4E-0F9B6F2B3E71}.Debug|Any CPU.Build.0 = Debug|Any CPU
		{5FCD3D0D-81ED-4AFE-AE4E-0F9B6F2B3E71}.Release|Any CPU.ActiveCfg = Release|Any CPU
		{5FCD3D0D-81ED-4AFE-AE4E-0F9B6F2B3E71}.Release|Any CPU.Build.0 = Release|Any CPU
		{246DB0BA-8D41-4794-ADDE-CEFF56CDA039}.Debug|Any CPU.ActiveCfg = Debug|Any CPU
		{246DB0BA-8D41-4794-ADDE-CEFF56CDA039}.Debug|Any CPU.Build.0 = Debug|Any CPU
		{246DB0BA-8D41-4794-ADDE-CEFF56CDA039}.Release|Any CPU.ActiveCfg = Release|Any CPU
		{246DB0BA-8D41-4794-ADDE-CEFF56CDA039}.Release|Any CPU.Build.0 = Release|Any CPU
		{1324C0F9-4927-4D4E-A499-B42FD8ABD690}.Debug|Any CPU.ActiveCfg = Debug|Any CPU
		{1324C0F9-4927-4D4E-A499-B42FD8ABD690}.Debug|Any CPU.Build.0 = Debug|Any CPU
		{1324C0F9-4927-4D4E-A499-B42FD8ABD690}.Release|Any CPU.ActiveCfg = Release|Any CPU
		{1324C0F9-4927-4D4E-A499-B42FD8ABD690}.Release|Any CPU.Build.0 = Release|Any CPU
		{925150DE-73BE-47FB-BCF9-22C90975240A}.Debug|Any CPU.ActiveCfg = Debug|Any CPU
		{925150DE-73BE-47FB-BCF9-22C90975240A}.Debug|Any CPU.Build.0 = Debug|Any CPU
		{925150DE-73BE-47FB-BCF9-22C90975240A}.Release|Any CPU.ActiveCfg = Release|Any CPU
		{925150DE-73BE-47FB-BCF9-22C90975240A}.Release|Any CPU.Build.0 = Release|Any CPU
	EndGlobalSection
	GlobalSection(SolutionProperties) = preSolution
		HideSolutionNode = FALSE
	EndGlobalSection
	GlobalSection(ExtensibilityGlobals) = postSolution
		SolutionGuid = {8D48237F-0D69-4239-A474-2651F58A8293}
	EndGlobalSection
EndGlobal
